<?xml version="1.0" encoding="UTF-8"?>
<CodeBlocks_project_file>
	<FileVersion major="1" minor="6"/>
	<Project>
		<Option title="OpenWorld"/>
		<Option makefile_is_custom="1"/>
		<Option compiler="gcc"/>
		<Option virtualFolders="CMake Files\;CMake Files\..\;CMake Files\..\..\;CMake Files\..\..\..\;CMake Files\..\..\..\..\;CMake Files\..\..\..\..\..\;CMake Files\..\..\..\..\..\usr\;CMake Files\..\..\..\..\..\usr\lib64\;CMake Files\..\..\..\..\..\usr\lib64\cmake\;CMake Files\..\..\..\..\..\usr\lib64\cmake\glfw3\;CMake Files\..\..\..\..\..\usr\share\;CMake Files\..\..\..\..\..\usr\share\cmake\;CMake Files\..\..\..\..\..\usr\share\cmake\glm\;"/>
		<Build>
			<Target title="all">
				<Option working_dir="/home/olafurj/Dropbox/dev/OpenWorld"/>
				<Option type="4"/>
				<MakeCommands>
					<Build command="/usr/bin/gmake -j8 -f &quot;/home/olafurj/Dropbox/dev/OpenWorld/Makefile&quot;  VERBOSE=1 all"/>
					<CompileFile command="/usr/bin/gmake -j8 -f &quot;/home/olafurj/Dropbox/dev/OpenWorld/Makefile&quot;  VERBOSE=1 &quot;$file&quot;"/>
					<Clean command="/usr/bin/gmake -j8 -f &quot;/home/olafurj/Dropbox/dev/OpenWorld/Makefile&quot;  VERBOSE=1 clean"/>
					<DistClean command="/usr/bin/gmake -j8 -f &quot;/home/olafurj/Dropbox/dev/OpenWorld/Makefile&quot;  VERBOSE=1 clean"/>
				</MakeCommands>
			</Target>
			<Target title="edit_cache">
				<Option working_dir="/home/olafurj/Dropbox/dev/OpenWorld"/>
				<Option type="4"/>
				<MakeCommands>
					<Build command="/usr/bin/gmake -j8 -f &quot;/home/olafurj/Dropbox/dev/OpenWorld/Makefile&quot;  VERBOSE=1 edit_cache"/>
					<CompileFile command="/usr/bin/gmake -j8 -f &quot;/home/olafurj/Dropbox/dev/OpenWorld/Makefile&quot;  VERBOSE=1 &quot;$file&quot;"/>
					<Clean command="/usr/bin/gmake -j8 -f &quot;/home/olafurj/Dropbox/dev/OpenWorld/Makefile&quot;  VERBOSE=1 clean"/>
					<DistClean command="/usr/bin/gmake -j8 -f &quot;/home/olafurj/Dropbox/dev/OpenWorld/Makefile&quot;  VERBOSE=1 clean"/>
				</MakeCommands>
			</Target>
			<Target title="rebuild_cache">
				<Option working_dir="/home/olafurj/Dropbox/dev/OpenWorld"/>
				<Option type="4"/>
				<MakeCommands>
					<Build command="/usr/bin/gmake -j8 -f &quot;/home/olafurj/Dropbox/dev/OpenWorld/Makefile&quot;  VERBOSE=1 rebuild_cache"/>
					<CompileFile command="/usr/bin/gmake -j8 -f &quot;/home/olafurj/Dropbox/dev/OpenWorld/Makefile&quot;  VERBOSE=1 &quot;$file&quot;"/>
					<Clean command="/usr/bin/gmake -j8 -f &quot;/home/olafurj/Dropbox/dev/OpenWorld/Makefile&quot;  VERBOSE=1 clean"/>
					<DistClean command="/usr/bin/gmake -j8 -f &quot;/home/olafurj/Dropbox/dev/OpenWorld/Makefile&quot;  VERBOSE=1 clean"/>
				</MakeCommands>
			</Target>
			<Target title="OpenWorld">
				<Option output="/home/olafurj/Dropbox/dev/OpenWorld/OpenWorld" prefix_auto="0" extension_auto="0"/>
				<Option working_dir="/home/olafurj/Dropbox/dev/OpenWorld"/>
				<Option object_output="./"/>
				<Option type="1"/>
				<Option compiler="gcc"/>
				<Compiler>
					<Add option="-DGLFW_DLL"/>
					<Add directory="/home/olafurj/Dropbox/dev/OpenWorld/includes/spdlog"/>
					<Add directory="/home/olafurj/Dropbox/dev/OpenWorld/includes/libconfig"/>
					<Add directory="/home/olafurj/Dropbox/dev/OpenWorld/includes/fmt/include"/>
					<Add directory="/home/olafurj/Dropbox/dev/OpenWorld/includes/stb_image"/>
					<Add directory="/home/olafurj/Dropbox/dev/OpenWorld/includes/SOIL"/>
					<Add directory="/home/olafurj/Dropbox/dev/OpenWorld/includes/glad/include"/>
					<Add directory="/usr/lib/gcc/x86_64-redhat-linux/6.3.1/../../../../include/c++/6.3.1"/>
					<Add directory="/usr/lib/gcc/x86_64-redhat-linux/6.3.1/../../../../include/c++/6.3.1/x86_64-redhat-linux"/>
					<Add directory="/usr/lib/gcc/x86_64-redhat-linux/6.3.1/../../../../include/c++/6.3.1/backward"/>
					<Add directory="/usr/lib/gcc/x86_64-redhat-linux/6.3.1/include"/>
					<Add directory="/usr/local/include"/>
					<Add directory="/usr/include"/>
				</Compiler>
				<MakeCommands>
					<Build command="/usr/bin/gmake -j8 -f &quot;/home/olafurj/Dropbox/dev/OpenWorld/Makefile&quot;  VERBOSE=1 OpenWorld"/>
					<CompileFile command="/usr/bin/gmake -j8 -f &quot;/home/olafurj/Dropbox/dev/OpenWorld/Makefile&quot;  VERBOSE=1 &quot;$file&quot;"/>
					<Clean command="/usr/bin/gmake -j8 -f &quot;/home/olafurj/Dropbox/dev/OpenWorld/Makefile&quot;  VERBOSE=1 clean"/>
					<DistClean command="/usr/bin/gmake -j8 -f &quot;/home/olafurj/Dropbox/dev/OpenWorld/Makefile&quot;  VERBOSE=1 clean"/>
				</MakeCommands>
			</Target>
			<Target title="OpenWorld/fast">
				<Option output="/home/olafurj/Dropbox/dev/OpenWorld/OpenWorld" prefix_auto="0" extension_auto="0"/>
				<Option working_dir="/home/olafurj/Dropbox/dev/OpenWorld"/>
				<Option object_output="./"/>
				<Option type="1"/>
				<Option compiler="gcc"/>
				<Compiler>
					<Add option="-DGLFW_DLL"/>
					<Add directory="/home/olafurj/Dropbox/dev/OpenWorld/includes/spdlog"/>
					<Add directory="/home/olafurj/Dropbox/dev/OpenWorld/includes/libconfig"/>
					<Add directory="/home/olafurj/Dropbox/dev/OpenWorld/includes/fmt/include"/>
					<Add directory="/home/olafurj/Dropbox/dev/OpenWorld/includes/stb_image"/>
					<Add directory="/home/olafurj/Dropbox/dev/OpenWorld/includes/SOIL"/>
					<Add directory="/home/olafurj/Dropbox/dev/OpenWorld/includes/glad/include"/>
					<Add directory="/usr/lib/gcc/x86_64-redhat-linux/6.3.1/../../../../include/c++/6.3.1"/>
					<Add directory="/usr/lib/gcc/x86_64-redhat-linux/6.3.1/../../../../include/c++/6.3.1/x86_64-redhat-linux"/>
					<Add directory="/usr/lib/gcc/x86_64-redhat-linux/6.3.1/../../../../include/c++/6.3.1/backward"/>
					<Add directory="/usr/lib/gcc/x86_64-redhat-linux/6.3.1/include"/>
					<Add directory="/usr/local/include"/>
					<Add directory="/usr/include"/>
				</Compiler>
				<MakeCommands>
					<Build command="/usr/bin/gmake -j8 -f &quot;/home/olafurj/Dropbox/dev/OpenWorld/Makefile&quot;  VERBOSE=1 OpenWorld/fast"/>
					<CompileFile command="/usr/bin/gmake -j8 -f &quot;/home/olafurj/Dropbox/dev/OpenWorld/Makefile&quot;  VERBOSE=1 &quot;$file&quot;"/>
					<Clean command="/usr/bin/gmake -j8 -f &quot;/home/olafurj/Dropbox/dev/OpenWorld/Makefile&quot;  VERBOSE=1 clean"/>
					<DistClean command="/usr/bin/gmake -j8 -f &quot;/home/olafurj/Dropbox/dev/OpenWorld/Makefile&quot;  VERBOSE=1 clean"/>
				</MakeCommands>
			</Target>
		</Build>
		<Unit filename="/home/olafurj/Dropbox/dev/OpenWorld/OpenEngine/Application.h">
			<Option target="OpenWorld"/>
		</Unit>
		<Unit filename="/home/olafurj/Dropbox/dev/OpenWorld/OpenEngine/Cubemap.cpp">
			<Option target="OpenWorld"/>
		</Unit>
		<Unit filename="/home/olafurj/Dropbox/dev/OpenWorld/OpenEngine/Cubemap.h">
			<Option target="OpenWorld"/>
		</Unit>
		<Unit filename="/home/olafurj/Dropbox/dev/OpenWorld/OpenEngine/Display.h">
			<Option target="OpenWorld"/>
		</Unit>
		<Unit filename="/home/olafurj/Dropbox/dev/OpenWorld/OpenEngine/DisplayManager.h">
			<Option target="OpenWorld"/>
		</Unit>
		<Unit filename="/home/olafurj/Dropbox/dev/OpenWorld/OpenEngine/Loader.h">
			<Option target="OpenWorld"/>
		</Unit>
		<Unit filename="/home/olafurj/Dropbox/dev/OpenWorld/OpenEngine/RawModel.h">
			<Option target="OpenWorld"/>
		</Unit>
		<Unit filename="/home/olafurj/Dropbox/dev/OpenWorld/OpenEngine/Renderer.h">
			<Option target="OpenWorld"/>
		</Unit>
		<Unit filename="/home/olafurj/Dropbox/dev/OpenWorld/OpenEngine/Texture.cpp">
			<Option target="OpenWorld"/>
		</Unit>
		<Unit filename="/home/olafurj/Dropbox/dev/OpenWorld/OpenEngine/Texture.h">
			<Option target="OpenWorld"/>
		</Unit>
		<Unit filename="/home/olafurj/Dropbox/dev/OpenWorld/OpenEngine/TextureManager.h">
			<Option target="OpenWorld"/>
		</Unit>
		<Unit filename="/home/olafurj/Dropbox/dev/OpenWorld/includes/SOIL/SOIL.c">
			<Option target="OpenWorld"/>
		</Unit>
		<Unit filename="/home/olafurj/Dropbox/dev/OpenWorld/includes/SOIL/SOIL.h">
			<Option target="OpenWorld"/>
		</Unit>
		<Unit filename="/home/olafurj/Dropbox/dev/OpenWorld/includes/fmt/include/fmt/format.h">
			<Option target="OpenWorld"/>
		</Unit>
		<Unit filename="/home/olafurj/Dropbox/dev/OpenWorld/includes/glad/include/glad/glad.c">
			<Option target="OpenWorld"/>
		</Unit>
		<Unit filename="/home/olafurj/Dropbox/dev/OpenWorld/includes/glad/include/glad/glad.h">
			<Option target="OpenWorld"/>
		</Unit>
		<Unit filename="/home/olafurj/Dropbox/dev/OpenWorld/includes/libconfig/libconfig/grammar.c">
			<Option target="OpenWorld"/>
		</Unit>
		<Unit filename="/home/olafurj/Dropbox/dev/OpenWorld/includes/libconfig/libconfig/grammar.h">
			<Option target="OpenWorld"/>
		</Unit>
		<Unit filename="/home/olafurj/Dropbox/dev/OpenWorld/includes/libconfig/libconfig/grammar.y">
			<Option target="OpenWorld"/>
		</Unit>
		<Unit filename="/home/olafurj/Dropbox/dev/OpenWorld/includes/libconfig/libconfig/libconfig.c">
			<Option target="OpenWorld"/>
		</Unit>
		<Unit filename="/home/olafurj/Dropbox/dev/OpenWorld/includes/libconfig/libconfig/libconfig.h">
			<Option target="OpenWorld"/>
		</Unit>
		<Unit filename="/home/olafurj/Dropbox/dev/OpenWorld/includes/libconfig/libconfig/libconfig.hh">
			<Option target="OpenWorld"/>
		</Unit>
		<Unit filename="/home/olafurj/Dropbox/dev/OpenWorld/includes/libconfig/libconfig/libconfigcpp.cc">
			<Option target="OpenWorld"/>
		</Unit>
		<Unit filename="/home/olafurj/Dropbox/dev/OpenWorld/includes/libconfig/libconfig/parsectx.h">
			<Option target="OpenWorld"/>
		</Unit>
		<Unit filename="/home/olafurj/Dropbox/dev/OpenWorld/includes/libconfig/libconfig/scanctx.c">
			<Option target="OpenWorld"/>
		</Unit>
		<Unit filename="/home/olafurj/Dropbox/dev/OpenWorld/includes/libconfig/libconfig/scanctx.h">
			<Option target="OpenWorld"/>
		</Unit>
		<Unit filename="/home/olafurj/Dropbox/dev/OpenWorld/includes/libconfig/libconfig/scanner.c">
			<Option target="OpenWorld"/>
		</Unit>
		<Unit filename="/home/olafurj/Dropbox/dev/OpenWorld/includes/libconfig/libconfig/scanner.h">
			<Option target="OpenWorld"/>
		</Unit>
		<Unit filename="/home/olafurj/Dropbox/dev/OpenWorld/includes/libconfig/libconfig/scanner.l">
			<Option target="OpenWorld"/>
		</Unit>
		<Unit filename="/home/olafurj/Dropbox/dev/OpenWorld/includes/libconfig/libconfig/strbuf.c">
			<Option target="OpenWorld"/>
		</Unit>
		<Unit filename="/home/olafurj/Dropbox/dev/OpenWorld/includes/libconfig/libconfig/strbuf.h">
			<Option target="OpenWorld"/>
		</Unit>
		<Unit filename="/home/olafurj/Dropbox/dev/OpenWorld/includes/libconfig/libconfig/strvec.c">
			<Option target="OpenWorld"/>
		</Unit>
		<Unit filename="/home/olafurj/Dropbox/dev/OpenWorld/includes/libconfig/libconfig/strvec.h">
			<Option target="OpenWorld"/>
		</Unit>
		<Unit filename="/home/olafurj/Dropbox/dev/OpenWorld/includes/libconfig/libconfig/util.c">
			<Option target="OpenWorld"/>
		</Unit>
		<Unit filename="/home/olafurj/Dropbox/dev/OpenWorld/includes/libconfig/libconfig/util.h">
			<Option target="OpenWorld"/>
		</Unit>
		<Unit filename="/home/olafurj/Dropbox/dev/OpenWorld/includes/spdlog/spdlog/spdlog.h">
			<Option target="OpenWorld"/>
		</Unit>
		<Unit filename="/home/olafurj/Dropbox/dev/OpenWorld/includes/stb_image/stb_image.cpp">
			<Option target="OpenWorld"/>
		</Unit>
		<Unit filename="/home/olafurj/Dropbox/dev/OpenWorld/includes/stb_image/stb_image.h">
			<Option target="OpenWorld"/>
		</Unit>
		<Unit filename="/home/olafurj/Dropbox/dev/OpenWorld/learnopengl/camera.h">
			<Option target="OpenWorld"/>
		</Unit>
		<Unit filename="/home/olafurj/Dropbox/dev/OpenWorld/main.cpp">
			<Option target="OpenWorld"/>
		</Unit>
		<Unit filename="/home/olafurj/Dropbox/dev/OpenWorld/CMakeLists.txt">
			<Option virtualFolder="CMake Files\"/>
		</Unit>
		<Unit filename="/home/olafurj/Dropbox/dev/OpenWorld/../../../../../usr/lib64/cmake/glfw3/glfw3Config.cmake">
			<Option virtualFolder="CMake Files\..\..\..\..\..\usr\lib64\cmake\glfw3\"/>
		</Unit>
		<Unit filename="/home/olafurj/Dropbox/dev/OpenWorld/../../../../../usr/lib64/cmake/glfw3/glfw3ConfigVersion.cmake">
			<Option virtualFolder="CMake Files\..\..\..\..\..\usr\lib64\cmake\glfw3\"/>
		</Unit>
		<Unit filename="/home/olafurj/Dropbox/dev/OpenWorld/../../../../../usr/lib64/cmake/glfw3/glfw3Targets-noconfig.cmake">
			<Option virtualFolder="CMake Files\..\..\..\..\..\usr\lib64\cmake\glfw3\"/>
		</Unit>
		<Unit filename="/home/olafurj/Dropbox/dev/OpenWorld/../../../../../usr/lib64/cmake/glfw3/glfw3Targets.cmake">
			<Option virtualFolder="CMake Files\..\..\..\..\..\usr\lib64\cmake\glfw3\"/>
		</Unit>
		<Unit filename="/home/olafurj/Dropbox/dev/OpenWorld/../../../../../usr/share/cmake/glm/glmConfig.cmake">
			<Option virtualFolder="CMake Files\..\..\..\..\..\usr\share\cmake\glm\"/>
		</Unit>
		<Unit filename="/home/olafurj/Dropbox/dev/OpenWorld/../../../../../usr/share/cmake/glm/glmConfigVersion.cmake">
			<Option virtualFolder="CMake Files\..\..\..\..\..\usr\share\cmake\glm\"/>
		</Unit>
		<Unit filename="/home/olafurj/Dropbox/dev/OpenWorld/../../../../../usr/share/cmake/glm/glmTargets.cmake">
			<Option virtualFolder="CMake Files\..\..\..\..\..\usr\share\cmake\glm\"/>
		</Unit>
	</Project>
</CodeBlocks_project_file>
